// !$*UTF8*$!
{
	archiveVersion = 1;
	classes = {
	};
	objectVersion = 56;
	objects = {

/* Begin PBXBuildFile section */
		03297C1F298EEA55006B9FC4 /* SwiftDrillApp.swift in Sources */ = {isa = PBXBuildFile; fileRef = 03297C1E298EEA55006B9FC4 /* SwiftDrillApp.swift */; };
		03297C21298EEA55006B9FC4 /* ContentView.swift in Sources */ = {isa = PBXBuildFile; fileRef = 03297C20298EEA55006B9FC4 /* ContentView.swift */; };
		03297C23298EEA57006B9FC4 /* Assets.xcassets in Resources */ = {isa = PBXBuildFile; fileRef = 03297C22298EEA57006B9FC4 /* Assets.xcassets */; };
		03297C26298EEA57006B9FC4 /* Preview Assets.xcassets in Resources */ = {isa = PBXBuildFile; fileRef = 03297C25298EEA57006B9FC4 /* Preview Assets.xcassets */; };
		03297C30298F12CB006B9FC4 /* Game.swift in Sources */ = {isa = PBXBuildFile; fileRef = 03297C2F298F12CB006B9FC4 /* Game.swift */; };
		03297C38298F173F006B9FC4 /* SwiftDrillTests.swift in Sources */ = {isa = PBXBuildFile; fileRef = 03297C37298F173F006B9FC4 /* SwiftDrillTests.swift */; };
/* End PBXBuildFile section */

/* Begin PBXContainerItemProxy section */
		03297C39298F173F006B9FC4 /* PBXContainerItemProxy */ = {
			isa = PBXContainerItemProxy;
			containerPortal = 03297C13298EEA55006B9FC4 /* Project object */;
			proxyType = 1;
			remoteGlobalIDString = 03297C1A298EEA55006B9FC4;
			remoteInfo = SwiftDrill;
		};
/* End PBXContainerItemProxy section */

/* Begin PBXFileReference section */
		03297C1B298EEA55006B9FC4 /* SwiftDrill.app */ = {isa = PBXFileReference; explicitFileType = wrapper.application; includeInIndex = 0; path = SwiftDrill.app; sourceTree = BUILT_PRODUCTS_DIR; };
		03297C1E298EEA55006B9FC4 /* SwiftDrillApp.swift */ = {isa = PBXFileReference; lastKnownFileType = sourcecode.swift; path = SwiftDrillApp.swift; sourceTree = "<group>"; };
		03297C20298EEA55006B9FC4 /* ContentView.swift */ = {isa = PBXFileReference; lastKnownFileType = sourcecode.swift; path = ContentView.swift; sourceTree = "<group>"; };
		03297C22298EEA57006B9FC4 /* Assets.xcassets */ = {isa = PBXFileReference; lastKnownFileType = folder.assetcatalog; path = Assets.xcassets; sourceTree = "<group>"; };
		03297C25298EEA57006B9FC4 /* Preview Assets.xcassets */ = {isa = PBXFileReference; lastKnownFileType = folder.assetcatalog; path = "Preview Assets.xcassets"; sourceTree = "<group>"; };
		03297C2F298F12CB006B9FC4 /* Game.swift */ = {isa = PBXFileReference; lastKnownFileType = sourcecode.swift; path = Game.swift; sourceTree = "<group>"; };
		03297C35298F173F006B9FC4 /* SwiftDrillTests.xctest */ = {isa = PBXFileReference; explicitFileType = wrapper.cfbundle; includeInIndex = 0; path = SwiftDrillTests.xctest; sourceTree = BUILT_PRODUCTS_DIR; };
		03297C37298F173F006B9FC4 /* SwiftDrillTests.swift */ = {isa = PBXFileReference; lastKnownFileType = sourcecode.swift; path = SwiftDrillTests.swift; sourceTree = "<group>"; };
/* End PBXFileReference section */

/* Begin PBXFrameworksBuildPhase section */
		03297C18298EEA55006B9FC4 /* Frameworks */ = {
			isa = PBXFrameworksBuildPhase;
			buildActionMask = 2147483647;
			files = (
			);
			runOnlyForDeploymentPostprocessing = 0;
		};
		03297C32298F173F006B9FC4 /* Frameworks */ = {
			isa = PBXFrameworksBuildPhase;
			buildActionMask = 2147483647;
			files = (
			);
			runOnlyForDeploymentPostprocessing = 0;
		};
/* End PBXFrameworksBuildPhase section */

/* Begin PBXGroup section */
		03297C12298EEA55006B9FC4 = {
			isa = PBXGroup;
			children = (
				03297C1D298EEA55006B9FC4 /* SwiftDrill */,
				03297C36298F173F006B9FC4 /* SwiftDrillTests */,
				03297C1C298EEA55006B9FC4 /* Products */,
			);
			sourceTree = "<group>";
		};
		03297C1C298EEA55006B9FC4 /* Products */ = {
			isa = PBXGroup;
			children = (
				03297C1B298EEA55006B9FC4 /* SwiftDrill.app */,
				03297C35298F173F006B9FC4 /* SwiftDrillTests.xctest */,
			);
			name = Products;
			sourceTree = "<group>";
		};
		03297C1D298EEA55006B9FC4 /* SwiftDrill */ = {
			isa = PBXGroup;
			children = (
				03297C2E298F1211006B9FC4 /* Models */,
				03297C2D298F1201006B9FC4 /* Views */,
				03297C2C298F11F9006B9FC4 /* App */,
				03297C24298EEA57006B9FC4 /* Preview Content */,
			);
			path = SwiftDrill;
			sourceTree = "<group>";
		};
		03297C24298EEA57006B9FC4 /* Preview Content */ = {
			isa = PBXGroup;
			children = (
				03297C25298EEA57006B9FC4 /* Preview Assets.xcassets */,
			);
			path = "Preview Content";
			sourceTree = "<group>";
		};
		03297C2C298F11F9006B9FC4 /* App */ = {
			isa = PBXGroup;
			children = (
				03297C22298EEA57006B9FC4 /* Assets.xcassets */,
				03297C1E298EEA55006B9FC4 /* SwiftDrillApp.swift */,
			);
			path = App;
			sourceTree = "<group>";
		};
		03297C2D298F1201006B9FC4 /* Views */ = {
			isa = PBXGroup;
			children = (
				03297C20298EEA55006B9FC4 /* ContentView.swift */,
			);
			path = Views;
			sourceTree = "<group>";
		};
		03297C2E298F1211006B9FC4 /* Models */ = {
			isa = PBXGroup;
			children = (
				03297C2F298F12CB006B9FC4 /* Game.swift */,
			);
			path = Models;
			sourceTree = "<group>";
		};
		03297C36298F173F006B9FC4 /* SwiftDrillTests */ = {
			isa = PBXGroup;
			children = (
				03297C37298F173F006B9FC4 /* SwiftDrillTests.swift */,
			);
			path = SwiftDrillTests;
			sourceTree = "<group>";
		};
/* End PBXGroup section */

/* Begin PBXNativeTarget section */
		03297C1A298EEA55006B9FC4 /* SwiftDrill */ = {
			isa = PBXNativeTarget;
			buildConfigurationList = 03297C29298EEA57006B9FC4 /* Build configuration list for PBXNativeTarget "SwiftDrill" */;
			buildPhases = (
				03297C17298EEA55006B9FC4 /* Sources */,
				03297C18298EEA55006B9FC4 /* Frameworks */,
				03297C19298EEA55006B9FC4 /* Resources */,
			);
			buildRules = (
			);
			dependencies = (
			);
			name = SwiftDrill;
			productName = SwiftDrill;
			productReference = 03297C1B298EEA55006B9FC4 /* SwiftDrill.app */;
			productType = "com.apple.product-type.application";
		};
		03297C34298F173F006B9FC4 /* SwiftDrillTests */ = {
			isa = PBXNativeTarget;
			buildConfigurationList = 03297C3D298F173F006B9FC4 /* Build configuration list for PBXNativeTarget "SwiftDrillTests" */;
			buildPhases = (
				03297C31298F173F006B9FC4 /* Sources */,
				03297C32298F173F006B9FC4 /* Frameworks */,
				03297C33298F173F006B9FC4 /* Resources */,
			);
			buildRules = (
			);
			dependencies = (
				03297C3A298F173F006B9FC4 /* PBXTargetDependency */,
			);
			name = SwiftDrillTests;
			productName = SwiftDrillTests;
			productReference = 03297C35298F173F006B9FC4 /* SwiftDrillTests.xctest */;
			productType = "com.apple.product-type.bundle.unit-test";
		};
/* End PBXNativeTarget section */

/* Begin PBXProject section */
		03297C13298EEA55006B9FC4 /* Project object */ = {
			isa = PBXProject;
			attributes = {
				BuildIndependentTargetsInParallel = 1;
				LastSwiftUpdateCheck = 1420;
				LastUpgradeCheck = 1420;
				TargetAttributes = {
					03297C1A298EEA55006B9FC4 = {
						CreatedOnToolsVersion = 14.2;
					};
					03297C34298F173F006B9FC4 = {
						CreatedOnToolsVersion = 14.2;
						TestTargetID = 03297C1A298EEA55006B9FC4;
					};
				};
			};
			buildConfigurationList = 03297C16298EEA55006B9FC4 /* Build configuration list for PBXProject "SwiftDrill" */;
			compatibilityVersion = "Xcode 14.0";
			developmentRegion = en;
			hasScannedForEncodings = 0;
			knownRegions = (
				en,
				Base,
			);
			mainGroup = 03297C12298EEA55006B9FC4;
			productRefGroup = 03297C1C298EEA55006B9FC4 /* Products */;
			projectDirPath = "";
			projectRoot = "";
			targets = (
				03297C1A298EEA55006B9FC4 /* SwiftDrill */,
				03297C34298F173F006B9FC4 /* SwiftDrillTests */,
			);
		};
/* End PBXProject section */

/* Begin PBXResourcesBuildPhase section */
		03297C19298EEA55006B9FC4 /* Resources */ = {
			isa = PBXResourcesBuildPhase;
			buildActionMask = 2147483647;
			files = (
				03297C26298EEA57006B9FC4 /* Preview Assets.xcassets in Resources */,
				03297C23298EEA57006B9FC4 /* Assets.xcassets in Resources */,
			);
			runOnlyForDeploymentPostprocessing = 0;
		};
		03297C33298F173F006B9FC4 /* Resources */ = {
			isa = PBXResourcesBuildPhase;
			buildActionMask = 2147483647;
			files = (
			);
			runOnlyForDeploymentPostprocessing = 0;
		};
/* End PBXResourcesBuildPhase section */

/* Begin PBXSourcesBuildPhase section */
		03297C17298EEA55006B9FC4 /* Sources */ = {
			isa = PBXSourcesBuildPhase;
			buildActionMask = 2147483647;
			files = (
				03297C21298EEA55006B9FC4 /* ContentView.swift in Sources */,
				03297C30298F12CB006B9FC4 /* Game.swift in Sources */,
				03297C1F298EEA55006B9FC4 /* SwiftDrillApp.swift in Sources */,
			);
			runOnlyForDeploymentPostprocessing = 0;
		};
		03297C31298F173F006B9FC4 /* Sources */ = {
			isa = PBXSourcesBuildPhase;
			buildActionMask = 2147483647;
			files = (
				03297C38298F173F006B9FC4 /* SwiftDrillTests.swift in Sources */,
			);
			runOnlyForDeploymentPostprocessing = 0;
		};
/* End PBXSourcesBuildPhase section */

/* Begin PBXTargetDependency section */
		03297C3A298F173F006B9FC4 /* PBXTargetDependency */ = {
			isa = PBXTargetDependency;
			target = 03297C1A298EEA55006B9FC4 /* SwiftDrill */;
			targetProxy = 03297C39298F173F006B9FC4 /* PBXContainerItemProxy */;
		};
/* End PBXTargetDependency section */

/* Begin XCBuildConfiguration section */
		03297C27298EEA57006B9FC4 /* Debug */ = {
			isa = XCBuildConfiguration;
			buildSettings = {
				ALWAYS_SEARCH_USER_PATHS = NO;
				CLANG_ANALYZER_NONNULL = YES;
				CLANG_ANALYZER_NUMBER_OBJECT_CONVERSION = YES_AGGRESSIVE;
				CLANG_CXX_LANGUAGE_STANDARD = "gnu++20";
				CLANG_ENABLE_MODULES = YES;
				CLANG_ENABLE_OBJC_ARC = YES;
				CLANG_ENABLE_OBJC_WEAK = YES;
				CLANG_WARN_BLOCK_CAPTURE_AUTORELEASING = YES;
				CLANG_WARN_BOOL_CONVERSION = YES;
				CLANG_WARN_COMMA = YES;
				CLANG_WARN_CONSTANT_CONVERSION = YES;
				CLANG_WARN_DEPRECATED_OBJC_IMPLEMENTATIONS = YES;
				CLANG_WARN_DIRECT_OBJC_ISA_USAGE = YES_ERROR;
				CLANG_WARN_DOCUMENTATION_COMMENTS = YES;
				CLANG_WARN_EMPTY_BODY = YES;
				CLANG_WARN_ENUM_CONVERSION = YES;
				CLANG_WARN_INFINITE_RECURSION = YES;
				CLANG_WARN_INT_CONVERSION = YES;
				CLANG_WARN_NON_LITERAL_NULL_CONVERSION = YES;
				CLANG_WARN_OBJC_IMPLICIT_RETAIN_SELF = YES;
				CLANG_WARN_OBJC_LITERAL_CONVERSION = YES;
				CLANG_WARN_OBJC_ROOT_CLASS = YES_ERROR;
				CLANG_WARN_QUOTED_INCLUDE_IN_FRAMEWORK_HEADER = YES;
				CLANG_WARN_RANGE_LOOP_ANALYSIS = YES;
				CLANG_WARN_STRICT_PROTOTYPES = YES;
				CLANG_WARN_SUSPICIOUS_MOVE = YES;
				CLANG_WARN_UNGUARDED_AVAILABILITY = YES_AGGRESSIVE;
				CLANG_WARN_UNREACHABLE_CODE = YES;
				CLANG_WARN__DUPLICATE_METHOD_MATCH = YES;
				COPY_PHASE_STRIP = NO;
				DEBUG_INFORMATION_FORMAT = dwarf;
				ENABLE_STRICT_OBJC_MSGSEND = YES;
				ENABLE_TESTABILITY = YES;
				GCC_C_LANGUAGE_STANDARD = gnu11;
				GCC_DYNAMIC_NO_PIC = NO;
				GCC_NO_COMMON_BLOCKS = YES;
				GCC_OPTIMIZATION_LEVEL = 0;
				GCC_PREPROCESSOR_DEFINITIONS = (
					"DEBUG=1",
					"$(inherited)",
				);
				GCC_WARN_64_TO_32_BIT_CONVERSION = YES;
				GCC_WARN_ABOUT_RETURN_TYPE = YES_ERROR;
				GCC_WARN_UNDECLARED_SELECTOR = YES;
				GCC_WARN_UNINITIALIZED_AUTOS = YES_AGGRESSIVE;
				GCC_WARN_UNUSED_FUNCTION = YES;
				GCC_WARN_UNUSED_VARIABLE = YES;
				IPHONEOS_DEPLOYMENT_TARGET = 16.2;
				MTL_ENABLE_DEBUG_INFO = INCLUDE_SOURCE;
				MTL_FAST_MATH = YES;
				ONLY_ACTIVE_ARCH = YES;
				SDKROOT = iphoneos;
				SWIFT_ACTIVE_COMPILATION_CONDITIONS = DEBUG;
				SWIFT_OPTIMIZATION_LEVEL = "-Onone";
			};
			name = Debug;
		};
		03297C28298EEA57006B9FC4 /* Release */ = {
			isa = XCBuildConfiguration;
			buildSettings = {
				ALWAYS_SEARCH_USER_PATHS = NO;
				CLANG_ANALYZER_NONNULL = YES;
				CLANG_ANALYZER_NUMBER_OBJECT_CONVERSION = YES_AGGRESSIVE;
				CLANG_CXX_LANGUAGE_STANDARD = "gnu++20";
				CLANG_ENABLE_MODULES = YES;
				CLANG_ENABLE_OBJC_ARC = YES;
				CLANG_ENABLE_OBJC_WEAK = YES;
				CLANG_WARN_BLOCK_CAPTURE_AUTORELEASING = YES;
				CLANG_WARN_BOOL_CONVERSION = YES;
				CLANG_WARN_COMMA = YES;
				CLANG_WARN_CONSTANT_CONVERSION = YES;
				CLANG_WARN_DEPRECATED_OBJC_IMPLEMENTATIONS = YES;
				CLANG_WARN_DIRECT_OBJC_ISA_USAGE = YES_ERROR;
				CLANG_WARN_DOCUMENTATION_COMMENTS = YES;
				CLANG_WARN_EMPTY_BODY = YES;
				CLANG_WARN_ENUM_CONVERSION = YES;
				CLANG_WARN_INFINITE_RECURSION = YES;
				CLANG_WARN_INT_CONVERSION = YES;
				CLANG_WARN_NON_LITERAL_NULL_CONVERSION = YES;
				CLANG_WARN_OBJC_IMPLICIT_RETAIN_SELF = YES;
				CLANG_WARN_OBJC_LITERAL_CONVERSION = YES;
				CLANG_WARN_OBJC_ROOT_CLASS = YES_ERROR;
				CLANG_WARN_QUOTED_INCLUDE_IN_FRAMEWORK_HEADER = YES;
				CLANG_WARN_RANGE_LOOP_ANALYSIS = YES;
				CLANG_WARN_STRICT_PROTOTYPES = YES;
				CLANG_WARN_SUSPICIOUS_MOVE = YES;
				CLANG_WARN_UNGUARDED_AVAILABILITY = YES_AGGRESSIVE;
				CLANG_WARN_UNREACHABLE_CODE = YES;
				CLANG_WARN__DUPLICATE_METHOD_MATCH = YES;
				COPY_PHASE_STRIP = NO;
				DEBUG_INFORMATION_FORMAT = "dwarf-with-dsym";
				ENABLE_NS_ASSERTIONS = NO;
				ENABLE_STRICT_OBJC_MSGSEND = YES;
				GCC_C_LANGUAGE_STANDARD = gnu11;
				GCC_NO_COMMON_BLOCKS = YES;
				GCC_WARN_64_TO_32_BIT_CONVERSION = YES;
				GCC_WARN_ABOUT_RETURN_TYPE = YES_ERROR;
				GCC_WARN_UNDECLARED_SELECTOR = YES;
				GCC_WARN_UNINITIALIZED_AUTOS = YES_AGGRESSIVE;
				GCC_WARN_UNUSED_FUNCTION = YES;
				GCC_WARN_UNUSED_VARIABLE = YES;
				IPHONEOS_DEPLOYMENT_TARGET = 16.2;
				MTL_ENABLE_DEBUG_INFO = NO;
				MTL_FAST_MATH = YES;
				SDKROOT = iphoneos;
				SWIFT_COMPILATION_MODE = wholemodule;
				SWIFT_OPTIMIZATION_LEVEL = "-O";
				VALIDATE_PRODUCT = YES;
			};
			name = Release;
		};
		03297C2A298EEA57006B9FC4 /* Debug */ = {
			isa = XCBuildConfiguration;
			buildSettings = {
				ASSETCATALOG_COMPILER_APPICON_NAME = AppIcon;
				ASSETCATALOG_COMPILER_GLOBAL_ACCENT_COLOR_NAME = AccentColor;
				CODE_SIGN_STYLE = Automatic;
				CURRENT_PROJECT_VERSION = 1;
				DEVELOPMENT_ASSET_PATHS = "\"SwiftDrill/Preview Content\"";
				DEVELOPMENT_TEAM = S3T6T5AM5G;
				ENABLE_PREVIEWS = YES;
				GENERATE_INFOPLIST_FILE = YES;
				INFOPLIST_KEY_UIApplicationSceneManifest_Generation = YES;
				INFOPLIST_KEY_UIApplicationSupportsIndirectInputEvents = YES;
				INFOPLIST_KEY_UILaunchScreen_Generation = YES;
				INFOPLIST_KEY_UISupportedInterfaceOrientations_iPad = "UIInterfaceOrientationPortrait UIInterfaceOrientationPortraitUpsideDown UIInterfaceOrientationLandscapeLeft UIInterfaceOrientationLandscapeRight";
				INFOPLIST_KEY_UISupportedInterfaceOrientations_iPhone = "UIInterfaceOrientationPortrait UIInterfaceOrientationLandscapeLeft UIInterfaceOrientationLandscapeRight";
				LD_RUNPATH_SEARCH_PATHS = (
					"$(inherited)",
					"@executable_path/Frameworks",
				);
				MARKETING_VERSION = 1.0;
				PRODUCT_BUNDLE_IDENTIFIER = com.morshed.alam.SwiftDrill;
				PRODUCT_NAME = "$(TARGET_NAME)";
				SWIFT_EMIT_LOC_STRINGS = YES;
				SWIFT_VERSION = 5.0;
				TARGETED_DEVICE_FAMILY = "1,2";
			};
			name = Debug;
		};
		03297C2B298EEA57006B9FC4 /* Release */ = {
			isa = XCBuildConfiguration;
			buildSettings = {
				ASSETCATALOG_COMPILER_APPICON_NAME = AppIcon;
				ASSETCATALOG_COMPILER_GLOBAL_ACCENT_COLOR_NAME = AccentColor;
				CODE_SIGN_STYLE = Automatic;
				CURRENT_PROJECT_VERSION = 1;
				DEVELOPMENT_ASSET_PATHS = "\"SwiftDrill/Preview Content\"";
				DEVELOPMENT_TEAM = S3T6T5AM5G;
				ENABLE_PREVIEWS = YES;
				GENERATE_INFOPLIST_FILE = YES;
				INFOPLIST_KEY_UIApplicationSceneManifest_Generation = YES;
				INFOPLIST_KEY_UIApplicationSupportsIndirectInputEvents = YES;
				INFOPLIST_KEY_UILaunchScreen_Generation = YES;
				INFOPLIST_KEY_UISupportedInterfaceOrientations_iPad = "UIInterfaceOrientationPortrait UIInterfaceOrientationPortraitUpsideDown UIInterfaceOrientationLandscapeLeft UIInterfaceOrientationLandscapeRight";
				INFOPLIST_KEY_UISupportedInterfaceOrientations_iPhone = "UIInterfaceOrientationPortrait UIInterfaceOrientationLandscapeLeft UIInterfaceOrientationLandscapeRight";
				LD_RUNPATH_SEARCH_PATHS = (
					"$(inherited)",
					"@executable_path/Frameworks",
				);
				MARKETING_VERSION = 1.0;
				PRODUCT_BUNDLE_IDENTIFIER = com.morshed.alam.SwiftDrill;
				PRODUCT_NAME = "$(TARGET_NAME)";
				SWIFT_EMIT_LOC_STRINGS = YES;
				SWIFT_VERSION = 5.0;
				TARGETED_DEVICE_FAMILY = "1,2";
			};
			name = Release;
		};
		03297C3B298F173F006B9FC4 /* Debug */ = {
			isa = XCBuildConfiguration;
			buildSettings = {
				BUNDLE_LOADER = "$(TEST_HOST)";
				CODE_SIGN_STYLE = Automatic;
				CURRENT_PROJECT_VERSION = 1;
				DEVELOPMENT_TEAM = S3T6T5AM5G;
				GENERATE_INFOPLIST_FILE = YES;
				IPHONEOS_DEPLOYMENT_TARGET = 16.2;
				MACOSX_DEPLOYMENT_TARGET = 13.1;
				MARKETING_VERSION = 1.0;
				PRODUCT_BUNDLE_IDENTIFIER = com.morshed.alam.SwiftDrillTests;
				PRODUCT_NAME = "$(TARGET_NAME)";
				SDKROOT = auto;
				SUPPORTED_PLATFORMS = "iphoneos iphonesimulator macosx";
				SWIFT_EMIT_LOC_STRINGS = NO;
				SWIFT_VERSION = 5.0;
				TARGETED_DEVICE_FAMILY = "1,2";
				TEST_HOST = "$(BUILT_PRODUCTS_DIR)/SwiftDrill.app/$(BUNDLE_EXECUTABLE_FOLDER_PATH)/SwiftDrill";
			};
			name = Debug;
		};
		03297C3C298F173F006B9FC4 /* Release */ = {
			isa = XCBuildConfiguration;
			buildSettings = {
				BUNDLE_LOADER = "$(TEST_HOST)";
				CODE_SIGN_STYLE = Automatic;
				CURRENT_PROJECT_VERSION = 1;
				DEVELOPMENT_TEAM = S3T6T5AM5G;
				GENERATE_INFOPLIST_FILE = YES;
				IPHONEOS_DEPLOYMENT_TARGET = 16.2;
				MACOSX_DEPLOYMENT_TARGET = 13.1;
				MARKETING_VERSION = 1.0;
				PRODUCT_BUNDLE_IDENTIFIER = com.morshed.alam.SwiftDrillTests;
				PRODUCT_NAME = "$(TARGET_NAME)";
				SDKROOT = auto;
				SUPPORTED_PLATFORMS = "iphoneos iphonesimulator macosx";
				SWIFT_EMIT_LOC_STRINGS = NO;
				SWIFT_VERSION = 5.0;
				TARGETED_DEVICE_FAMILY = "1,2";
				TEST_HOST = "$(BUILT_PRODUCTS_DIR)/SwiftDrill.app/$(BUNDLE_EXECUTABLE_FOLDER_PATH)/SwiftDrill";
			};
			name = Release;
		};
/* End XCBuildConfiguration section */

/* Begin XCConfigurationList section */
		03297C16298EEA55006B9FC4 /* Build configuration list for PBXProject "SwiftDrill" */ = {
			isa = XCConfigurationList;
			buildConfigurations = (
				03297C27298EEA57006B9FC4 /* Debug */,
				03297C28298EEA57006B9FC4 /* Release */,
			);
			defaultConfigurationIsVisible = 0;
			defaultConfigurationName = Release;
		};
		03297C29298EEA57006B9FC4 /* Build configuration list for PBXNativeTarget "SwiftDrill" */ = {
			isa = XCConfigurationList;
			buildConfigurations = (
				03297C2A298EEA57006B9FC4 /* Debug */,
				03297C2B298EEA57006B9FC4 /* Release */,
			);
			defaultConfigurationIsVisible = 0;
			defaultConfigurationName = Release;
		};
		03297C3D298F173F006B9FC4 /* Build configuration list for PBXNativeTarget "SwiftDrillTests" */ = {
			isa = XCConfigurationList;
			buildConfigurations = (
				03297C3B298F173F006B9FC4 /* Debug */,
				03297C3C298F173F006B9FC4 /* Release */,
			);
			defaultConfigurationIsVisible = 0;
			defaultConfigurationName = Release;
		};
/* End XCConfigurationList section */
	};
	rootObject = 03297C13298EEA55006B9FC4 /* Project object */;
}
